
Microsoft Visual Studio Solution File, Format Version 12.00
# Visual Studio Version 16
VisualStudioVersion = 16.0.31729.503
MinimumVisualStudioVersion = 10.0.40219.1
Project("{FAE04EC0-301F-11D3-BF4B-00C04F79EFBC}") = "OOPsPrograms", "OOPsPrograms\OOPsPrograms.csproj", "{B6584CB1-40D3-40E3-8ACA-BDAE9AC5E8F5}"
EndProject
Global
	GlobalSection(SolutionConfigurationPlatforms) = preSolution
		Debug|Any CPU = Debug|Any CPU
		Release|Any CPU = Release|Any CPU
	EndGlobalSection
	GlobalSection(ProjectConfigurationPlatforms) = postSolution
		{B6584CB1-40D3-40E3-8ACA-BDAE9AC5E8F5}.Debug|Any CPU.ActiveCfg = Debug|Any CPU
		{B6584CB1-40D3-40E3-8ACA-BDAE9AC5E8F5}.Debug|Any CPU.Build.0 = Debug|Any CPU
		{B6584CB1-40D3-40E3-8ACA-BDAE9AC5E8F5}.Release|Any CPU.ActiveCfg = Release|Any CPU
		{B6584CB1-40D3-40E3-8ACA-BDAE9AC5E8F5}.Release|Any CPU.Build.0 = Release|Any CPU
	EndGlobalSection
	GlobalSection(SolutionProperties) = preSolution
		HideSolutionNode = FALSE
	EndGlobalSection
	GlobalSection(ExtensibilityGlobals) = postSolution
		SolutionGuid = {9DB11A5D-F91A-40CA-8CB3-F81355AA37AC}
	EndGlobalSection
EndGlobal
